
Microsoft Visual Studio Solution File, Format Version 12.00
# Visual Studio Version 17
VisualStudioVersion = 17.7.34031.279
MinimumVisualStudioVersion = 10.0.40219.1
Project("{9A19103F-16F7-4668-BE54-9A1E7A4F7556}") = "ImagesTelegramBot", "TestSelenium\ImagesTelegramBot.csproj", "{4D4BA1B4-D149-4BBB-9EB6-B6F77D67285B}"
EndProject
Global
	GlobalSection(SolutionConfigurationPlatforms) = preSolution
		Debug|Any CPU = Debug|Any CPU
		Release|Any CPU = Release|Any CPU
	EndGlobalSection
	GlobalSection(ProjectConfigurationPlatforms) = postSolution
		{4D4BA1B4-D149-4BBB-9EB6-B6F77D67285B}.Debug|Any CPU.ActiveCfg = Debug|Any CPU
		{4D4BA1B4-D149-4BBB-9EB6-B6F77D67285B}.Debug|Any CPU.Build.0 = Debug|Any CPU
		{4D4BA1B4-D149-4BBB-9EB6-B6F77D67285B}.Release|Any CPU.ActiveCfg = Release|Any CPU
		{4D4BA1B4-D149-4BBB-9EB6-B6F77D67285B}.Release|Any CPU.Build.0 = Release|Any CPU
	EndGlobalSection
	GlobalSection(SolutionProperties) = preSolution
		HideSolutionNode = FALSE
	EndGlobalSection
	GlobalSection(ExtensibilityGlobals) = postSolution
		SolutionGuid = {A0A6DFE9-1DD3-4E80-ACCB-18CF3F89F384}
	EndGlobalSection
EndGlobal
